schema: '2.0'
stages:
  prepare:
    cmd: python src/prepare.py data/data.xml
    deps:
    - path: data/data.xml
      md5: 22a1a2931c8370d3aeedd7183606fd7f
      size: 14445097
    - path: src/prepare.py
      md5: f09ea0c15980b43010257ccb9f0055e2
      size: 1576
    params:
      params.yaml:
        prepare.seed: 20170428
        prepare.split: 0.2
    outs:
    - path: data/prepared
      md5: 153aad06d376b6595932470e459ef42a.dir
      size: 8437363
      nfiles: 2
  featurize:
    cmd: python src/featurization.py data/prepared data/features
    deps:
    - path: data/prepared
      md5: 153aad06d376b6595932470e459ef42a.dir
      size: 8437363
      nfiles: 2
    - path: src/featurization.py
      md5: e0265fc22f056a4b86d85c3056bc2894
      size: 2490
    params:
      params.yaml:
        featurize.max_features: 400
        featurize.ngrams: 2
    outs:
    - path: data/features
      md5: 0674fdf41ed42d7c2731d48fe8e5f551.dir
      size: 2926950
      nfiles: 2
  train:
    cmd: python src/train.py data/features model.pkl
    deps:
    - path: data/features
      md5: 0674fdf41ed42d7c2731d48fe8e5f551.dir
      size: 2926950
      nfiles: 2
    - path: src/train.py
      md5: c3961d777cfbd7727f9fde4851896006
      size: 967
    params:
      params.yaml:
        train.min_split: 0.01
        train.n_est: 50
        train.seed: 2000
    outs:
    - path: model.pkl
      md5: b0edfe62aeedb85e7746bac1bdc33e76
      size: 1755616
  evaluate:
    cmd: python src/evaluate.py model.pkl data/features
    deps:
    - path: data/features
      md5: 0674fdf41ed42d7c2731d48fe8e5f551.dir
      size: 2926950
      nfiles: 2
    - path: model.pkl
      md5: b0edfe62aeedb85e7746bac1bdc33e76
      size: 1755616
    - path: src/evaluate.py
      md5: 44e714021a65edf881b1716e791d7f59
      size: 2346
    outs:
    - path: evaluation.json
      md5: 4a600e6a68cc76aa855ccf0b1b4ef7f0
      size: 73
    - path: evaluation/importance.png
      md5: 197e97a1a5c5404aa900763dbc723cb0
      size: 33558
    - path: evaluation/plots/confusion_matrix.json
      md5: 09f0df2ab33da0f2316b86d401732607
      size: 122246
    - path: evaluation/plots/precision_recall.json
      md5: 47ca85184f37c9a40f93aeec5eb8d060
      size: 150985
    - path: evaluation/plots/roc.json
      md5: 7bc25e1d57c421ee21ffd8d8c19e33b1
      size: 36914
